
Microsoft Visual Studio Solution File, Format Version 12.00
# Visual Studio Version 17
VisualStudioVersion = 17.4.33110.190
MinimumVisualStudioVersion = 10.0.40219.1
Project("{FAE04EC0-301F-11D3-BF4B-00C04F79EFBC}") = "BlogCore", "BlogCore\BlogCore.csproj", "{8B6C79FA-758B-4887-B07E-DE07F04A9545}"
EndProject
Project("{FAE04EC0-301F-11D3-BF4B-00C04F79EFBC}") = "BlogCore.DataAccess", "BlogCore.DataAccess\BlogCore.DataAccess.csproj", "{477DDA15-AFE5-425D-9D27-5A7FB7F2A0BA}"
EndProject
Project("{FAE04EC0-301F-11D3-BF4B-00C04F79EFBC}") = "BlogCore.Models", "BlogCore.Models\BlogCore.Models.csproj", "{7E0E7A82-7D88-48F5-B778-5F55DC30DBD8}"
EndProject
Project("{FAE04EC0-301F-11D3-BF4B-00C04F79EFBC}") = "BlogCore.Utils", "BlogCore.Utils\BlogCore.Utils.csproj", "{3B129811-954B-40DA-AD15-6626E972ADC5}"
EndProject
Project("{2150E333-8FDC-42A3-9474-1A3956D46DE8}") = "Solution Items", "Solution Items", "{5BD79693-2059-4C2D-8662-D4FA9E5FC04E}"
	ProjectSection(SolutionItems) = preProject
		.editorconfig = .editorconfig
	EndProjectSection
EndProject
Global
	GlobalSection(SolutionConfigurationPlatforms) = preSolution
		Debug|Any CPU = Debug|Any CPU
		Release|Any CPU = Release|Any CPU
	EndGlobalSection
	GlobalSection(ProjectConfigurationPlatforms) = postSolution
		{8B6C79FA-758B-4887-B07E-DE07F04A9545}.Debug|Any CPU.ActiveCfg = Debug|Any CPU
		{8B6C79FA-758B-4887-B07E-DE07F04A9545}.Debug|Any CPU.Build.0 = Debug|Any CPU
		{8B6C79FA-758B-4887-B07E-DE07F04A9545}.Release|Any CPU.ActiveCfg = Release|Any CPU
		{8B6C79FA-758B-4887-B07E-DE07F04A9545}.Release|Any CPU.Build.0 = Release|Any CPU
		{477DDA15-AFE5-425D-9D27-5A7FB7F2A0BA}.Debug|Any CPU.ActiveCfg = Debug|Any CPU
		{477DDA15-AFE5-425D-9D27-5A7FB7F2A0BA}.Debug|Any CPU.Build.0 = Debug|Any CPU
		{477DDA15-AFE5-425D-9D27-5A7FB7F2A0BA}.Release|Any CPU.ActiveCfg = Release|Any CPU
		{477DDA15-AFE5-425D-9D27-5A7FB7F2A0BA}.Release|Any CPU.Build.0 = Release|Any CPU
		{7E0E7A82-7D88-48F5-B778-5F55DC30DBD8}.Debug|Any CPU.ActiveCfg = Debug|Any CPU
		{7E0E7A82-7D88-48F5-B778-5F55DC30DBD8}.Debug|Any CPU.Build.0 = Debug|Any CPU
		{7E0E7A82-7D88-48F5-B778-5F55DC30DBD8}.Release|Any CPU.ActiveCfg = Release|Any CPU
		{7E0E7A82-7D88-48F5-B778-5F55DC30DBD8}.Release|Any CPU.Build.0 = Release|Any CPU
		{3B129811-954B-40DA-AD15-6626E972ADC5}.Debug|Any CPU.ActiveCfg = Debug|Any CPU
		{3B129811-954B-40DA-AD15-6626E972ADC5}.Debug|Any CPU.Build.0 = Debug|Any CPU
		{3B129811-954B-40DA-AD15-6626E972ADC5}.Release|Any CPU.ActiveCfg = Release|Any CPU
		{3B129811-954B-40DA-AD15-6626E972ADC5}.Release|Any CPU.Build.0 = Release|Any CPU
	EndGlobalSection
	GlobalSection(SolutionProperties) = preSolution
		HideSolutionNode = FALSE
	EndGlobalSection
	GlobalSection(ExtensibilityGlobals) = postSolution
		SolutionGuid = {AC314890-645B-4E81-BD1F-37506A452BF9}
	EndGlobalSection
EndGlobal
